
Microsoft Visual Studio Solution File, Format Version 12.00
# Visual Studio Version 16
VisualStudioVersion = 16.0.32106.194
MinimumVisualStudioVersion = 10.0.40219.1
Project("{FAE04EC0-301F-11D3-BF4B-00C04F79EFBC}") = "Employee2", "Employee2\Employee2.csproj", "{AFB2FBC9-0BDC-415E-8442-3466F5E02C6C}"
EndProject
Global
	GlobalSection(SolutionConfigurationPlatforms) = preSolution
		Debug|Any CPU = Debug|Any CPU
		Release|Any CPU = Release|Any CPU
	EndGlobalSection
	GlobalSection(ProjectConfigurationPlatforms) = postSolution
		{AFB2FBC9-0BDC-415E-8442-3466F5E02C6C}.Debug|Any CPU.ActiveCfg = Debug|Any CPU
		{AFB2FBC9-0BDC-415E-8442-3466F5E02C6C}.Debug|Any CPU.Build.0 = Debug|Any CPU
		{AFB2FBC9-0BDC-415E-8442-3466F5E02C6C}.Release|Any CPU.ActiveCfg = Release|Any CPU
		{AFB2FBC9-0BDC-415E-8442-3466F5E02C6C}.Release|Any CPU.Build.0 = Release|Any CPU
	EndGlobalSection
	GlobalSection(SolutionProperties) = preSolution
		HideSolutionNode = FALSE
	EndGlobalSection
	GlobalSection(ExtensibilityGlobals) = postSolution
		SolutionGuid = {26854C67-3ED6-4E84-AE14-3134975BA88C}
	EndGlobalSection
EndGlobal
